
Microsoft Visual Studio Solution File, Format Version 12.00
# Visual Studio Version 16
VisualStudioVersion = 16.0.31729.503
MinimumVisualStudioVersion = 10.0.40219.1
Project("{FAE04EC0-301F-11D3-BF4B-00C04F79EFBC}") = "MCD_EnumNedir", "MCD_EnumNedir\MCD_EnumNedir.csproj", "{8194AFDC-B3B6-4D74-B05D-EE430F09ADDD}"
EndProject
Global
	GlobalSection(SolutionConfigurationPlatforms) = preSolution
		Debug|Any CPU = Debug|Any CPU
		Release|Any CPU = Release|Any CPU
	EndGlobalSection
	GlobalSection(ProjectConfigurationPlatforms) = postSolution
		{8194AFDC-B3B6-4D74-B05D-EE430F09ADDD}.Debug|Any CPU.ActiveCfg = Debug|Any CPU
		{8194AFDC-B3B6-4D74-B05D-EE430F09ADDD}.Debug|Any CPU.Build.0 = Debug|Any CPU
		{8194AFDC-B3B6-4D74-B05D-EE430F09ADDD}.Release|Any CPU.ActiveCfg = Release|Any CPU
		{8194AFDC-B3B6-4D74-B05D-EE430F09ADDD}.Release|Any CPU.Build.0 = Release|Any CPU
	EndGlobalSection
	GlobalSection(SolutionProperties) = preSolution
		HideSolutionNode = FALSE
	EndGlobalSection
	GlobalSection(ExtensibilityGlobals) = postSolution
		SolutionGuid = {E4161545-66CC-4B71-A9F5-76BA7245255E}
	EndGlobalSection
EndGlobal
